<?xml version="1.0" encoding="utf-8"?>
<Project ToolsVersion="4.0" xmlns="http://schemas.microsoft.com/developer/msbuild/2003">
  <ItemGroup>
    <Filter Include="Shader">
      <UniqueIdentifier>{9857a7f2-bda1-454e-b47a-af42dd0bc4ae}</UniqueIdentifier>
    </Filter>
    <Filter Include="DLA">
      <UniqueIdentifier>{f6ba195c-d02f-412d-ab57-d6c0e14a99e2}</UniqueIdentifier>
    </Filter>
    <Filter Include="Core">
      <UniqueIdentifier>{15347e7d-d71b-4f09-ad9b-be4af035174e}</UniqueIdentifier>
    </Filter>
  </ItemGroup>
  <ItemGroup>
    <ClCompile Include="src\DLA.cpp">
      <Filter>DLA</Filter>
    </ClCompile>
    <ClCompile Include="src\Main.cpp">
      <Filter>Core</Filter>
    </ClCompile>
    <ClCompile Include="src\DLAWindow.cpp">
      <Filter>DLA</Filter>
    </ClCompile>
  </ItemGroup>
  <ItemGroup>
    <ClInclude Include="include\DLA.h">
      <Filter>DLA</Filter>
    </ClInclude>
    <ClInclude Include="include\CommonIncludes.h">
      <Filter>Core</Filter>
    </ClInclude>
    <ClInclude Include="include\DLAWindow.h">
      <Filter>DLA</Filter>
    </ClInclude>
  </ItemGroup>
  <ItemGroup>
    <None Include="shader\SimpleTexturing.frag">
      <Filter>Shader</Filter>
    </None>
    <None Include="shader\SimpleTexturing.vert">
      <Filter>Shader</Filter>
    </None>
  </ItemGroup>
</Project>